
Microsoft Visual Studio Solution File, Format Version 12.00
# Visual Studio 2012
Project("{8BC9CEB8-8B4A-11D0-8D11-00A0C91BC942}") = "wtest", "wtest\wtest.vcxproj", "{3F9C91CC-2C98-4D7F-A0C4-E9F12BCC3D2B}"
EndProject
Project("{8BC9CEB8-8B4A-11D0-8D11-00A0C91BC942}") = "wtestApp", "wtestApp\wtestApp.vcxproj", "{26F7D55F-FF39-465B-922E-491953786368}"
	ProjectSection(ProjectDependencies) = postProject
		{3F9C91CC-2C98-4D7F-A0C4-E9F12BCC3D2B} = {3F9C91CC-2C98-4D7F-A0C4-E9F12BCC3D2B}
	EndProjectSection
EndProject
Global
	GlobalSection(SolutionConfigurationPlatforms) = preSolution
		Debug|Win32 = Debug|Win32
		Release|Win32 = Release|Win32
	EndGlobalSection
	GlobalSection(ProjectConfigurationPlatforms) = postSolution
		{3F9C91CC-2C98-4D7F-A0C4-E9F12BCC3D2B}.Debug|Win32.ActiveCfg = Debug|Win32
		{3F9C91CC-2C98-4D7F-A0C4-E9F12BCC3D2B}.Debug|Win32.Build.0 = Debug|Win32
		{3F9C91CC-2C98-4D7F-A0C4-E9F12BCC3D2B}.Release|Win32.ActiveCfg = Release|Win32
		{3F9C91CC-2C98-4D7F-A0C4-E9F12BCC3D2B}.Release|Win32.Build.0 = Release|Win32
		{26F7D55F-FF39-465B-922E-491953786368}.Debug|Win32.ActiveCfg = Debug|Win32
		{26F7D55F-FF39-465B-922E-491953786368}.Debug|Win32.Build.0 = Debug|Win32
		{26F7D55F-FF39-465B-922E-491953786368}.Release|Win32.ActiveCfg = Release|Win32
		{26F7D55F-FF39-465B-922E-491953786368}.Release|Win32.Build.0 = Release|Win32
	EndGlobalSection
	GlobalSection(SolutionProperties) = preSolution
		HideSolutionNode = FALSE
	EndGlobalSection
EndGlobal
